// !$*UTF8*$!
{
	archiveVersion = 1;
	classes = {
	};
	objectVersion = 55;
	objects = {

/* Begin PBXBuildFile section */
		88126CC9272A7BA500E92244 /* AuthorizationToVKAPI.swift in Sources */ = {isa = PBXBuildFile; fileRef = 88126CC8272A7BA500E92244 /* AuthorizationToVKAPI.swift */; };
		88126CCB272A87D400E92244 /* GetPhotos.swift in Sources */ = {isa = PBXBuildFile; fileRef = 88126CCA272A87D400E92244 /* GetPhotos.swift */; };
		88126CCD272A880800E92244 /* GetGroups.swift in Sources */ = {isa = PBXBuildFile; fileRef = 88126CCC272A880800E92244 /* GetGroups.swift */; };
		88126CCF272A885100E92244 /* GetGroupsSeatch.swift in Sources */ = {isa = PBXBuildFile; fileRef = 88126CCE272A885100E92244 /* GetGroupsSeatch.swift */; };
		88488DEA271FD86E00D07012 /* AppDelegate.swift in Sources */ = {isa = PBXBuildFile; fileRef = 88488DE9271FD86E00D07012 /* AppDelegate.swift */; };
		88488DEC271FD86E00D07012 /* SceneDelegate.swift in Sources */ = {isa = PBXBuildFile; fileRef = 88488DEB271FD86E00D07012 /* SceneDelegate.swift */; };
		88488DEE271FD86E00D07012 /* ViewController.swift in Sources */ = {isa = PBXBuildFile; fileRef = 88488DED271FD86E00D07012 /* ViewController.swift */; };
		88488DF1271FD86E00D07012 /* Main.storyboard in Resources */ = {isa = PBXBuildFile; fileRef = 88488DEF271FD86E00D07012 /* Main.storyboard */; };
		88488DF3271FD87000D07012 /* Assets.xcassets in Resources */ = {isa = PBXBuildFile; fileRef = 88488DF2271FD87000D07012 /* Assets.xcassets */; };
		88488DF6271FD87000D07012 /* LaunchScreen.storyboard in Resources */ = {isa = PBXBuildFile; fileRef = 88488DF4271FD87000D07012 /* LaunchScreen.storyboard */; };
		888D29C927269E2E00A80BDA /* Session.swift in Sources */ = {isa = PBXBuildFile; fileRef = 888D29C827269E2E00A80BDA /* Session.swift */; };
		888D29CB2726B77E00A80BDA /* GetFriends.swift in Sources */ = {isa = PBXBuildFile; fileRef = 888D29CA2726B77E00A80BDA /* GetFriends.swift */; };
		889C30EB27292772008EC612 /* URLComponents+setQueryItems.swift in Sources */ = {isa = PBXBuildFile; fileRef = 889C30EA27292772008EC612 /* URLComponents+setQueryItems.swift */; };
		889C30ED272928C9008EC612 /* UrlBuilderRequest.swift in Sources */ = {isa = PBXBuildFile; fileRef = 889C30EC272928C9008EC612 /* UrlBuilderRequest.swift */; };
		889C30EF272938A5008EC612 /* GetJson.swift in Sources */ = {isa = PBXBuildFile; fileRef = 889C30EE272938A5008EC612 /* GetJson.swift */; };
		889C30F127294ABC008EC612 /* EnumHost.swift in Sources */ = {isa = PBXBuildFile; fileRef = 889C30F027294ABC008EC612 /* EnumHost.swift */; };
		88CDDE7A272C0C2100D5AC8E /* Friends.swift in Sources */ = {isa = PBXBuildFile; fileRef = 88CDDE79272C0C2100D5AC8E /* Friends.swift */; };
/* End PBXBuildFile section */

/* Begin PBXFileReference section */
		88126CC8272A7BA500E92244 /* AuthorizationToVKAPI.swift */ = {isa = PBXFileReference; lastKnownFileType = sourcecode.swift; path = AuthorizationToVKAPI.swift; sourceTree = "<group>"; };
		88126CCA272A87D400E92244 /* GetPhotos.swift */ = {isa = PBXFileReference; lastKnownFileType = sourcecode.swift; path = GetPhotos.swift; sourceTree = "<group>"; };
		88126CCC272A880800E92244 /* GetGroups.swift */ = {isa = PBXFileReference; lastKnownFileType = sourcecode.swift; path = GetGroups.swift; sourceTree = "<group>"; };
		88126CCE272A885100E92244 /* GetGroupsSeatch.swift */ = {isa = PBXFileReference; lastKnownFileType = sourcecode.swift; path = GetGroupsSeatch.swift; sourceTree = "<group>"; };
		88488DE6271FD86E00D07012 /* clitnt-server-1641.app */ = {isa = PBXFileReference; explicitFileType = wrapper.application; includeInIndex = 0; path = "clitnt-server-1641.app"; sourceTree = BUILT_PRODUCTS_DIR; };
		88488DE9271FD86E00D07012 /* AppDelegate.swift */ = {isa = PBXFileReference; lastKnownFileType = sourcecode.swift; path = AppDelegate.swift; sourceTree = "<group>"; };
		88488DEB271FD86E00D07012 /* SceneDelegate.swift */ = {isa = PBXFileReference; lastKnownFileType = sourcecode.swift; path = SceneDelegate.swift; sourceTree = "<group>"; };
		88488DED271FD86E00D07012 /* ViewController.swift */ = {isa = PBXFileReference; lastKnownFileType = sourcecode.swift; path = ViewController.swift; sourceTree = "<group>"; };
		88488DF0271FD86E00D07012 /* Base */ = {isa = PBXFileReference; lastKnownFileType = file.storyboard; name = Base; path = Base.lproj/Main.storyboard; sourceTree = "<group>"; };
		88488DF2271FD87000D07012 /* Assets.xcassets */ = {isa = PBXFileReference; lastKnownFileType = folder.assetcatalog; path = Assets.xcassets; sourceTree = "<group>"; };
		88488DF5271FD87000D07012 /* Base */ = {isa = PBXFileReference; lastKnownFileType = file.storyboard; name = Base; path = Base.lproj/LaunchScreen.storyboard; sourceTree = "<group>"; };
		88488DF7271FD87000D07012 /* Info.plist */ = {isa = PBXFileReference; lastKnownFileType = text.plist.xml; path = Info.plist; sourceTree = "<group>"; };
		888D29C827269E2E00A80BDA /* Session.swift */ = {isa = PBXFileReference; lastKnownFileType = sourcecode.swift; path = Session.swift; sourceTree = "<group>"; };
		888D29CA2726B77E00A80BDA /* GetFriends.swift */ = {isa = PBXFileReference; lastKnownFileType = sourcecode.swift; path = GetFriends.swift; sourceTree = "<group>"; };
		889C30EA27292772008EC612 /* URLComponents+setQueryItems.swift */ = {isa = PBXFileReference; lastKnownFileType = sourcecode.swift; path = "URLComponents+setQueryItems.swift"; sourceTree = "<group>"; };
		889C30EC272928C9008EC612 /* UrlBuilderRequest.swift */ = {isa = PBXFileReference; lastKnownFileType = sourcecode.swift; path = UrlBuilderRequest.swift; sourceTree = "<group>"; };
		889C30EE272938A5008EC612 /* GetJson.swift */ = {isa = PBXFileReference; lastKnownFileType = sourcecode.swift; path = GetJson.swift; sourceTree = "<group>"; };
		889C30F027294ABC008EC612 /* EnumHost.swift */ = {isa = PBXFileReference; lastKnownFileType = sourcecode.swift; path = EnumHost.swift; sourceTree = "<group>"; };
		88CDDE79272C0C2100D5AC8E /* Friends.swift */ = {isa = PBXFileReference; lastKnownFileType = sourcecode.swift; path = Friends.swift; sourceTree = "<group>"; };
/* End PBXFileReference section */

/* Begin PBXFrameworksBuildPhase section */
		88488DE3271FD86E00D07012 /* Frameworks */ = {
			isa = PBXFrameworksBuildPhase;
			buildActionMask = 2147483647;
			files = (
			);
			runOnlyForDeploymentPostprocessing = 0;
		};
/* End PBXFrameworksBuildPhase section */

/* Begin PBXGroup section */
		88488DDD271FD86E00D07012 = {
			isa = PBXGroup;
			children = (
				88488DE8271FD86E00D07012 /* clitnt-server-1641 */,
				88488DE7271FD86E00D07012 /* Products */,
			);
			sourceTree = "<group>";
		};
		88488DE7271FD86E00D07012 /* Products */ = {
			isa = PBXGroup;
			children = (
				88488DE6271FD86E00D07012 /* clitnt-server-1641.app */,
			);
			name = Products;
			sourceTree = "<group>";
		};
		88488DE8271FD86E00D07012 /* clitnt-server-1641 */ = {
			isa = PBXGroup;
			children = (
				889C30E6272924D5008EC612 /* API */,
				889C30E5272924BE008EC612 /* Auth */,
				889C30E4272924A0008EC612 /* Core */,
				889C30E32729246E008EC612 /* Resources */,
				889C30E22729243B008EC612 /* Application */,
			);
			path = "clitnt-server-1641";
			sourceTree = "<group>";
		};
		889C30E22729243B008EC612 /* Application */ = {
			isa = PBXGroup;
			children = (
				88488DE9271FD86E00D07012 /* AppDelegate.swift */,
				88488DEB271FD86E00D07012 /* SceneDelegate.swift */,
			);
			path = Application;
			sourceTree = "<group>";
		};
		889C30E32729246E008EC612 /* Resources */ = {
			isa = PBXGroup;
			children = (
				88488DF2271FD87000D07012 /* Assets.xcassets */,
				88488DF4271FD87000D07012 /* LaunchScreen.storyboard */,
				88488DF7271FD87000D07012 /* Info.plist */,
			);
			path = Resources;
			sourceTree = "<group>";
		};
		889C30E4272924A0008EC612 /* Core */ = {
			isa = PBXGroup;
			children = (
				88CDDE78272C0C0400D5AC8E /* Models */,
				889C30E92729270D008EC612 /* Extensions */,
			);
			path = Core;
			sourceTree = "<group>";
		};
		889C30E5272924BE008EC612 /* Auth */ = {
			isa = PBXGroup;
			children = (
				88488DED271FD86E00D07012 /* ViewController.swift */,
				88488DEF271FD86E00D07012 /* Main.storyboard */,
			);
			path = Auth;
			sourceTree = "<group>";
		};
		889C30E6272924D5008EC612 /* API */ = {
			isa = PBXGroup;
			children = (
				889C30E8272924EB008EC612 /* Services */,
				889C30E7272924E1008EC612 /* Models */,
			);
			path = API;
			sourceTree = "<group>";
		};
		889C30E7272924E1008EC612 /* Models */ = {
			isa = PBXGroup;
			children = (
				888D29CA2726B77E00A80BDA /* GetFriends.swift */,
				88126CCA272A87D400E92244 /* GetPhotos.swift */,
				88126CCC272A880800E92244 /* GetGroups.swift */,
				88126CCE272A885100E92244 /* GetGroupsSeatch.swift */,
			);
			path = Models;
			sourceTree = "<group>";
		};
		889C30E8272924EB008EC612 /* Services */ = {
			isa = PBXGroup;
			children = (
				888D29C827269E2E00A80BDA /* Session.swift */,
				889C30EC272928C9008EC612 /* UrlBuilderRequest.swift */,
				889C30EE272938A5008EC612 /* GetJson.swift */,
				889C30F027294ABC008EC612 /* EnumHost.swift */,
				88126CC8272A7BA500E92244 /* AuthorizationToVKAPI.swift */,
			);
			path = Services;
			sourceTree = "<group>";
		};
		889C30E92729270D008EC612 /* Extensions */ = {
			isa = PBXGroup;
			children = (
				889C30EA27292772008EC612 /* URLComponents+setQueryItems.swift */,
			);
			path = Extensions;
			sourceTree = "<group>";
		};
		88CDDE78272C0C0400D5AC8E /* Models */ = {
			isa = PBXGroup;
			children = (
				88CDDE79272C0C2100D5AC8E /* Friends.swift */,
			);
			path = Models;
			sourceTree = "<group>";
		};
/* End PBXGroup section */

/* Begin PBXNativeTarget section */
		88488DE5271FD86E00D07012 /* clitnt-server-1641 */ = {
			isa = PBXNativeTarget;
			buildConfigurationList = 88488DFA271FD87000D07012 /* Build configuration list for PBXNativeTarget "clitnt-server-1641" */;
			buildPhases = (
				88488DE2271FD86E00D07012 /* Sources */,
				88488DE3271FD86E00D07012 /* Frameworks */,
				88488DE4271FD86E00D07012 /* Resources */,
			);
			buildRules = (
			);
			dependencies = (
			);
			name = "clitnt-server-1641";
			productName = "clitnt-server-1641";
			productReference = 88488DE6271FD86E00D07012 /* clitnt-server-1641.app */;
			productType = "com.apple.product-type.application";
		};
/* End PBXNativeTarget section */

/* Begin PBXProject section */
		88488DDE271FD86E00D07012 /* Project object */ = {
			isa = PBXProject;
			attributes = {
				BuildIndependentTargetsInParallel = 1;
				LastSwiftUpdateCheck = 1300;
				LastUpgradeCheck = 1300;
				TargetAttributes = {
					88488DE5271FD86E00D07012 = {
						CreatedOnToolsVersion = 13.0;
					};
				};
			};
			buildConfigurationList = 88488DE1271FD86E00D07012 /* Build configuration list for PBXProject "clitnt-server-1641" */;
			compatibilityVersion = "Xcode 13.0";
			developmentRegion = en;
			hasScannedForEncodings = 0;
			knownRegions = (
				en,
				Base,
			);
			mainGroup = 88488DDD271FD86E00D07012;
			productRefGroup = 88488DE7271FD86E00D07012 /* Products */;
			projectDirPath = "";
			projectRoot = "";
			targets = (
				88488DE5271FD86E00D07012 /* clitnt-server-1641 */,
			);
		};
/* End PBXProject section */

/* Begin PBXResourcesBuildPhase section */
		88488DE4271FD86E00D07012 /* Resources */ = {
			isa = PBXResourcesBuildPhase;
			buildActionMask = 2147483647;
			files = (
				88488DF6271FD87000D07012 /* LaunchScreen.storyboard in Resources */,
				88488DF3271FD87000D07012 /* Assets.xcassets in Resources */,
				88488DF1271FD86E00D07012 /* Main.storyboard in Resources */,
			);
			runOnlyForDeploymentPostprocessing = 0;
		};
/* End PBXResourcesBuildPhase section */

/* Begin PBXSourcesBuildPhase section */
		88488DE2271FD86E00D07012 /* Sources */ = {
			isa = PBXSourcesBuildPhase;
			buildActionMask = 2147483647;
			files = (
				889C30ED272928C9008EC612 /* UrlBuilderRequest.swift in Sources */,
				88CDDE7A272C0C2100D5AC8E /* Friends.swift in Sources */,
				88126CC9272A7BA500E92244 /* AuthorizationToVKAPI.swift in Sources */,
				88126CCD272A880800E92244 /* GetGroups.swift in Sources */,
				888D29C927269E2E00A80BDA /* Session.swift in Sources */,
				888D29CB2726B77E00A80BDA /* GetFriends.swift in Sources */,
				889C30EB27292772008EC612 /* URLComponents+setQueryItems.swift in Sources */,
				889C30EF272938A5008EC612 /* GetJson.swift in Sources */,
				889C30F127294ABC008EC612 /* EnumHost.swift in Sources */,
				88488DEE271FD86E00D07012 /* ViewController.swift in Sources */,
				88488DEA271FD86E00D07012 /* AppDelegate.swift in Sources */,
				88126CCF272A885100E92244 /* GetGroupsSeatch.swift in Sources */,
				88488DEC271FD86E00D07012 /* SceneDelegate.swift in Sources */,
				88126CCB272A87D400E92244 /* GetPhotos.swift in Sources */,
			);
			runOnlyForDeploymentPostprocessing = 0;
		};
/* End PBXSourcesBuildPhase section */

/* Begin PBXVariantGroup section */
		88488DEF271FD86E00D07012 /* Main.storyboard */ = {
			isa = PBXVariantGroup;
			children = (
				88488DF0271FD86E00D07012 /* Base */,
			);
			name = Main.storyboard;
			sourceTree = "<group>";
		};
		88488DF4271FD87000D07012 /* LaunchScreen.storyboard */ = {
			isa = PBXVariantGroup;
			children = (
				88488DF5271FD87000D07012 /* Base */,
			);
			name = LaunchScreen.storyboard;
			sourceTree = "<group>";
		};
/* End PBXVariantGroup section */

/* Begin XCBuildConfiguration section */
		88488DF8271FD87000D07012 /* Debug */ = {
			isa = XCBuildConfiguration;
			buildSettings = {
				ALWAYS_SEARCH_USER_PATHS = NO;
				CLANG_ANALYZER_NONNULL = YES;
				CLANG_ANALYZER_NUMBER_OBJECT_CONVERSION = YES_AGGRESSIVE;
				CLANG_CXX_LANGUAGE_STANDARD = "gnu++17";
				CLANG_CXX_LIBRARY = "libc++";
				CLANG_ENABLE_MODULES = YES;
				CLANG_ENABLE_OBJC_ARC = YES;
				CLANG_ENABLE_OBJC_WEAK = YES;
				CLANG_WARN_BLOCK_CAPTURE_AUTORELEASING = YES;
				CLANG_WARN_BOOL_CONVERSION = YES;
				CLANG_WARN_COMMA = YES;
				CLANG_WARN_CONSTANT_CONVERSION = YES;
				CLANG_WARN_DEPRECATED_OBJC_IMPLEMENTATIONS = YES;
				CLANG_WARN_DIRECT_OBJC_ISA_USAGE = YES_ERROR;
				CLANG_WARN_DOCUMENTATION_COMMENTS = YES;
				CLANG_WARN_EMPTY_BODY = YES;
				CLANG_WARN_ENUM_CONVERSION = YES;
				CLANG_WARN_INFINITE_RECURSION = YES;
				CLANG_WARN_INT_CONVERSION = YES;
				CLANG_WARN_NON_LITERAL_NULL_CONVERSION = YES;
				CLANG_WARN_OBJC_IMPLICIT_RETAIN_SELF = YES;
				CLANG_WARN_OBJC_LITERAL_CONVERSION = YES;
				CLANG_WARN_OBJC_ROOT_CLASS = YES_ERROR;
				CLANG_WARN_QUOTED_INCLUDE_IN_FRAMEWORK_HEADER = YES;
				CLANG_WARN_RANGE_LOOP_ANALYSIS = YES;
				CLANG_WARN_STRICT_PROTOTYPES = YES;
				CLANG_WARN_SUSPICIOUS_MOVE = YES;
				CLANG_WARN_UNGUARDED_AVAILABILITY = YES_AGGRESSIVE;
				CLANG_WARN_UNREACHABLE_CODE = YES;
				CLANG_WARN__DUPLICATE_METHOD_MATCH = YES;
				COPY_PHASE_STRIP = NO;
				DEBUG_INFORMATION_FORMAT = dwarf;
				ENABLE_STRICT_OBJC_MSGSEND = YES;
				ENABLE_TESTABILITY = YES;
				GCC_C_LANGUAGE_STANDARD = gnu11;
				GCC_DYNAMIC_NO_PIC = NO;
				GCC_NO_COMMON_BLOCKS = YES;
				GCC_OPTIMIZATION_LEVEL = 0;
				GCC_PREPROCESSOR_DEFINITIONS = (
					"DEBUG=1",
					"$(inherited)",
				);
				GCC_WARN_64_TO_32_BIT_CONVERSION = YES;
				GCC_WARN_ABOUT_RETURN_TYPE = YES_ERROR;
				GCC_WARN_UNDECLARED_SELECTOR = YES;
				GCC_WARN_UNINITIALIZED_AUTOS = YES_AGGRESSIVE;
				GCC_WARN_UNUSED_FUNCTION = YES;
				GCC_WARN_UNUSED_VARIABLE = YES;
				IPHONEOS_DEPLOYMENT_TARGET = 15.0;
				MTL_ENABLE_DEBUG_INFO = INCLUDE_SOURCE;
				MTL_FAST_MATH = YES;
				ONLY_ACTIVE_ARCH = YES;
				SDKROOT = iphoneos;
				SWIFT_ACTIVE_COMPILATION_CONDITIONS = DEBUG;
				SWIFT_OPTIMIZATION_LEVEL = "-Onone";
			};
			name = Debug;
		};
		88488DF9271FD87000D07012 /* Release */ = {
			isa = XCBuildConfiguration;
			buildSettings = {
				ALWAYS_SEARCH_USER_PATHS = NO;
				CLANG_ANALYZER_NONNULL = YES;
				CLANG_ANALYZER_NUMBER_OBJECT_CONVERSION = YES_AGGRESSIVE;
				CLANG_CXX_LANGUAGE_STANDARD = "gnu++17";
				CLANG_CXX_LIBRARY = "libc++";
				CLANG_ENABLE_MODULES = YES;
				CLANG_ENABLE_OBJC_ARC = YES;
				CLANG_ENABLE_OBJC_WEAK = YES;
				CLANG_WARN_BLOCK_CAPTURE_AUTORELEASING = YES;
				CLANG_WARN_BOOL_CONVERSION = YES;
				CLANG_WARN_COMMA = YES;
				CLANG_WARN_CONSTANT_CONVERSION = YES;
				CLANG_WARN_DEPRECATED_OBJC_IMPLEMENTATIONS = YES;
				CLANG_WARN_DIRECT_OBJC_ISA_USAGE = YES_ERROR;
				CLANG_WARN_DOCUMENTATION_COMMENTS = YES;
				CLANG_WARN_EMPTY_BODY = YES;
				CLANG_WARN_ENUM_CONVERSION = YES;
				CLANG_WARN_INFINITE_RECURSION = YES;
				CLANG_WARN_INT_CONVERSION = YES;
				CLANG_WARN_NON_LITERAL_NULL_CONVERSION = YES;
				CLANG_WARN_OBJC_IMPLICIT_RETAIN_SELF = YES;
				CLANG_WARN_OBJC_LITERAL_CONVERSION = YES;
				CLANG_WARN_OBJC_ROOT_CLASS = YES_ERROR;
				CLANG_WARN_QUOTED_INCLUDE_IN_FRAMEWORK_HEADER = YES;
				CLANG_WARN_RANGE_LOOP_ANALYSIS = YES;
				CLANG_WARN_STRICT_PROTOTYPES = YES;
				CLANG_WARN_SUSPICIOUS_MOVE = YES;
				CLANG_WARN_UNGUARDED_AVAILABILITY = YES_AGGRESSIVE;
				CLANG_WARN_UNREACHABLE_CODE = YES;
				CLANG_WARN__DUPLICATE_METHOD_MATCH = YES;
				COPY_PHASE_STRIP = NO;
				DEBUG_INFORMATION_FORMAT = "dwarf-with-dsym";
				ENABLE_NS_ASSERTIONS = NO;
				ENABLE_STRICT_OBJC_MSGSEND = YES;
				GCC_C_LANGUAGE_STANDARD = gnu11;
				GCC_NO_COMMON_BLOCKS = YES;
				GCC_WARN_64_TO_32_BIT_CONVERSION = YES;
				GCC_WARN_ABOUT_RETURN_TYPE = YES_ERROR;
				GCC_WARN_UNDECLARED_SELECTOR = YES;
				GCC_WARN_UNINITIALIZED_AUTOS = YES_AGGRESSIVE;
				GCC_WARN_UNUSED_FUNCTION = YES;
				GCC_WARN_UNUSED_VARIABLE = YES;
				IPHONEOS_DEPLOYMENT_TARGET = 15.0;
				MTL_ENABLE_DEBUG_INFO = NO;
				MTL_FAST_MATH = YES;
				SDKROOT = iphoneos;
				SWIFT_COMPILATION_MODE = wholemodule;
				SWIFT_OPTIMIZATION_LEVEL = "-O";
				VALIDATE_PRODUCT = YES;
			};
			name = Release;
		};
		88488DFB271FD87000D07012 /* Debug */ = {
			isa = XCBuildConfiguration;
			buildSettings = {
				ASSETCATALOG_COMPILER_APPICON_NAME = AppIcon;
				ASSETCATALOG_COMPILER_GLOBAL_ACCENT_COLOR_NAME = AccentColor;
				CODE_SIGN_STYLE = Automatic;
				CURRENT_PROJECT_VERSION = 1;
				DEVELOPMENT_TEAM = S3B44F5R52;
				GENERATE_INFOPLIST_FILE = YES;
				INFOPLIST_FILE = "clitnt-server-1641/Resources/Info.plist";
				INFOPLIST_KEY_UIApplicationSupportsIndirectInputEvents = YES;
				INFOPLIST_KEY_UILaunchStoryboardName = LaunchScreen;
				INFOPLIST_KEY_UIMainStoryboardFile = Main;
				INFOPLIST_KEY_UISupportedInterfaceOrientations_iPad = "UIInterfaceOrientationPortrait UIInterfaceOrientationPortraitUpsideDown UIInterfaceOrientationLandscapeLeft UIInterfaceOrientationLandscapeRight";
				INFOPLIST_KEY_UISupportedInterfaceOrientations_iPhone = "UIInterfaceOrientationPortrait UIInterfaceOrientationLandscapeLeft UIInterfaceOrientationLandscapeRight";
				LD_RUNPATH_SEARCH_PATHS = (
					"$(inherited)",
					"@executable_path/Frameworks",
				);
				MARKETING_VERSION = 1.0;
				PRODUCT_BUNDLE_IDENTIFIER = "animate.test.clitnt-server-1641";
				PRODUCT_NAME = "$(TARGET_NAME)";
				SWIFT_EMIT_LOC_STRINGS = YES;
				SWIFT_VERSION = 5.0;
				TARGETED_DEVICE_FAMILY = "1,2";
			};
			name = Debug;
		};
		88488DFC271FD87000D07012 /* Release */ = {
			isa = XCBuildConfiguration;
			buildSettings = {
				ASSETCATALOG_COMPILER_APPICON_NAME = AppIcon;
				ASSETCATALOG_COMPILER_GLOBAL_ACCENT_COLOR_NAME = AccentColor;
				CODE_SIGN_STYLE = Automatic;
				CURRENT_PROJECT_VERSION = 1;
				DEVELOPMENT_TEAM = S3B44F5R52;
				GENERATE_INFOPLIST_FILE = YES;
				INFOPLIST_FILE = "clitnt-server-1641/Resources/Info.plist";
				INFOPLIST_KEY_UIApplicationSupportsIndirectInputEvents = YES;
				INFOPLIST_KEY_UILaunchStoryboardName = LaunchScreen;
				INFOPLIST_KEY_UIMainStoryboardFile = Main;
				INFOPLIST_KEY_UISupportedInterfaceOrientations_iPad = "UIInterfaceOrientationPortrait UIInterfaceOrientationPortraitUpsideDown UIInterfaceOrientationLandscapeLeft UIInterfaceOrientationLandscapeRight";
				INFOPLIST_KEY_UISupportedInterfaceOrientations_iPhone = "UIInterfaceOrientationPortrait UIInterfaceOrientationLandscapeLeft UIInterfaceOrientationLandscapeRight";
				LD_RUNPATH_SEARCH_PATHS = (
					"$(inherited)",
					"@executable_path/Frameworks",
				);
				MARKETING_VERSION = 1.0;
				PRODUCT_BUNDLE_IDENTIFIER = "animate.test.clitnt-server-1641";
				PRODUCT_NAME = "$(TARGET_NAME)";
				SWIFT_EMIT_LOC_STRINGS = YES;
				SWIFT_VERSION = 5.0;
				TARGETED_DEVICE_FAMILY = "1,2";
			};
			name = Release;
		};
/* End XCBuildConfiguration section */

/* Begin XCConfigurationList section */
		88488DE1271FD86E00D07012 /* Build configuration list for PBXProject "clitnt-server-1641" */ = {
			isa = XCConfigurationList;
			buildConfigurations = (
				88488DF8271FD87000D07012 /* Debug */,
				88488DF9271FD87000D07012 /* Release */,
			);
			defaultConfigurationIsVisible = 0;
			defaultConfigurationName = Release;
		};
		88488DFA271FD87000D07012 /* Build configuration list for PBXNativeTarget "clitnt-server-1641" */ = {
			isa = XCConfigurationList;
			buildConfigurations = (
				88488DFB271FD87000D07012 /* Debug */,
				88488DFC271FD87000D07012 /* Release */,
			);
			defaultConfigurationIsVisible = 0;
			defaultConfigurationName = Release;
		};
/* End XCConfigurationList section */
	};
	rootObject = 88488DDE271FD86E00D07012 /* Project object */;
}
